{
  "version": 1,
  "dependencies": {
    "net6.0-windows7.0": {
      "rela.OtherDevice.Abstractions": {
        "type": "Direct",
        "requested": "[1.0.0, )",
        "resolved": "1.0.0",
        "contentHash": "TTX4t7sh0BKwT8s5Ma3OOFuFXvgf7XvahRyEZwZydSt0ku0raGADXQQv5KDAMOcBxqdqnRJmb54zu+SEZfmkRw=="
      }
    }
  }
}